
Microsoft Visual Studio Solution File, Format Version 12.00
# Visual Studio Version 17
VisualStudioVersion = 17.13.35825.156 d17.13
MinimumVisualStudioVersion = 10.0.40219.1
Project("{FAE04EC0-301F-11D3-BF4B-00C04F79EFBC}") = "FINALSSS", "FINALSSS\FINALSSS.csproj", "{DF0F0C98-29E8-4568-B996-5BC6C30DD441}"
EndProject
Global
	GlobalSection(SolutionConfigurationPlatforms) = preSolution
		Debug|Any CPU = Debug|Any CPU
		Release|Any CPU = Release|Any CPU
	EndGlobalSection
	GlobalSection(ProjectConfigurationPlatforms) = postSolution
		{DF0F0C98-29E8-4568-B996-5BC6C30DD441}.Debug|Any CPU.ActiveCfg = Debug|Any CPU
		{DF0F0C98-29E8-4568-B996-5BC6C30DD441}.Debug|Any CPU.Build.0 = Debug|Any CPU
		{DF0F0C98-29E8-4568-B996-5BC6C30DD441}.Release|Any CPU.ActiveCfg = Release|Any CPU
		{DF0F0C98-29E8-4568-B996-5BC6C30DD441}.Release|Any CPU.Build.0 = Release|Any CPU
	EndGlobalSection
	GlobalSection(SolutionProperties) = preSolution
		HideSolutionNode = FALSE
	EndGlobalSection
	GlobalSection(ExtensibilityGlobals) = postSolution
		SolutionGuid = {76BEE191-E740-4A5B-B0D1-5881F08D1F31}
	EndGlobalSection
EndGlobal
